{
    "_readme": [
        "This file locks the dependencies of your project to a known state",
        "Read more about it at https://getcomposer.org/doc/01-basic-usage.md#installing-dependencies",
        "This file is @generated automatically"
    ],
    "content-hash": "33c54b6deb56f1d3ff80a320889b0cd8",
    "packages": [
        {
            "name": "juststeveking/micro-core",
            "version": "dev-master",
            "dist": {
                "type": "path",
                "url": "./../micro-core",
                "reference": "cfc45df9e84b0a3a5bf61388b472953bd43f70e0"
            },
            "type": "library",
            "license": [
                "MIT"
            ],
            "authors": [
                {
                    "name": "Steve McDougall",
                    "email": "juststevemcd@gmail.com"
                }
            ],
            "description": "A collection of core components to be used within the micro boilerplate for slim framework",
            "transport-options": {
                "symlink": true,
                "relative": true
            }
        }
    ],
    "packages-dev": [],
    "aliases": [],
    "minimum-stability": "dev",
    "stability-flags": {
        "juststeveking/micro-core": 20
    },
    "prefer-stable": true,
    "prefer-lowest": false,
    "platform": {
        "php": "^8.0"
    },
    "platform-dev": [],
    "plugin-api-version": "2.0.0"
}
